
Microsoft Visual Studio Solution File, Format Version 11.00
# Visual Studio 2010
Project("{FAE04EC0-301F-11D3-BF4B-00C04F79EFBC}") = "UnityEngine.UI", "UnityEngine.UI.csproj", "{60D99157-D671-8664-34C2-65764366AC83}"
EndProject
Project("{FAE04EC0-301F-11D3-BF4B-00C04F79EFBC}") = "PhotonUnityNetworking.Utilities", "PhotonUnityNetworking.Utilities.csproj", "{707942B6-9B61-CF5C-871F-27CA3A5552A7}"
EndProject
Project("{FAE04EC0-301F-11D3-BF4B-00C04F79EFBC}") = "Assembly-CSharp", "Assembly-CSharp.csproj", "{8053B6FE-B5CB-2CF8-E46C-A16D743A1D8E}"
EndProject
Project("{FAE04EC0-301F-11D3-BF4B-00C04F79EFBC}") = "UnityEngine.TestRunner", "UnityEngine.TestRunner.csproj", "{78074136-7132-746F-FA28-AD62431F04AE}"
EndProject
Project("{FAE04EC0-301F-11D3-BF4B-00C04F79EFBC}") = "Unity.Timeline", "Unity.Timeline.csproj", "{2FEE6D21-1268-9E40-E093-96330E65D56B}"
EndProject
Project("{FAE04EC0-301F-11D3-BF4B-00C04F79EFBC}") = "PhotonUnityNetworking.Demos", "PhotonUnityNetworking.Demos.csproj", "{1695162E-CB3F-FFD2-E33D-970089DC69E1}"
EndProject
Project("{FAE04EC0-301F-11D3-BF4B-00C04F79EFBC}") = "PhotonUnityNetworking", "PhotonUnityNetworking.csproj", "{6F73CF8F-581E-1E58-8EB2-BDB157FAF129}"
EndProject
Project("{FAE04EC0-301F-11D3-BF4B-00C04F79EFBC}") = "Unity.TextMeshPro", "Unity.TextMeshPro.csproj", "{03A9D45B-FB9A-E3A9-BB4D-28C5F55511AD}"
EndProject
Project("{FAE04EC0-301F-11D3-BF4B-00C04F79EFBC}") = "PhotonChat", "PhotonChat.csproj", "{D37B6F28-1381-E29A-942E-16B89BB6F3E0}"
EndProject
Project("{FAE04EC0-301F-11D3-BF4B-00C04F79EFBC}") = "PhotonRealtime", "PhotonRealtime.csproj", "{27A789FC-625C-BE55-B5B3-7914CE08EB2D}"
EndProject
Project("{FAE04EC0-301F-11D3-BF4B-00C04F79EFBC}") = "UnityEditor.TestRunner", "UnityEditor.TestRunner.csproj", "{C3385EEB-1CC2-9C9A-03E9-1D1CD7EE8799}"
EndProject
Project("{FAE04EC0-301F-11D3-BF4B-00C04F79EFBC}") = "Unity.PlasticSCM.Editor", "Unity.PlasticSCM.Editor.csproj", "{0145BBF4-C913-6070-07DA-CE0EB3E73A89}"
EndProject
Project("{FAE04EC0-301F-11D3-BF4B-00C04F79EFBC}") = "UnityEditor.UI", "UnityEditor.UI.csproj", "{7A3AE78F-395D-4D35-2925-3CD13024875E}"
EndProject
Project("{FAE04EC0-301F-11D3-BF4B-00C04F79EFBC}") = "Unity.Services.Core.Editor", "Unity.Services.Core.Editor.csproj", "{CFED74DC-8D1D-06A8-8356-DE6C3224AE95}"
EndProject
Project("{FAE04EC0-301F-11D3-BF4B-00C04F79EFBC}") = "Unity.Timeline.Editor", "Unity.Timeline.Editor.csproj", "{203E2F49-B0FB-5475-5618-B5A8F93EC934}"
EndProject
Project("{FAE04EC0-301F-11D3-BF4B-00C04F79EFBC}") = "Unity.VisualStudio.Editor", "Unity.VisualStudio.Editor.csproj", "{2AF75624-4370-D698-805B-6674C7D2A0C1}"
EndProject
Project("{FAE04EC0-301F-11D3-BF4B-00C04F79EFBC}") = "PhotonUnityNetworking.Editor", "PhotonUnityNetworking.Editor.csproj", "{38DAE79C-3601-9C65-A980-500452C3D360}"
EndProject
Project("{FAE04EC0-301F-11D3-BF4B-00C04F79EFBC}") = "Unity.TextMeshPro.Editor", "Unity.TextMeshPro.Editor.csproj", "{53CFC87B-4AE6-CB53-5D04-C1C647FDBF0C}"
EndProject
Project("{FAE04EC0-301F-11D3-BF4B-00C04F79EFBC}") = "Unity.CollabProxy.Editor", "Unity.CollabProxy.Editor.csproj", "{7C5A9C49-BB79-4C6B-70BF-90F4ED42F832}"
EndProject
Project("{FAE04EC0-301F-11D3-BF4B-00C04F79EFBC}") = "Unity.Rider.Editor", "Unity.Rider.Editor.csproj", "{320E9CFC-DF82-AA6C-276A-F75EC9BBBE46}"
EndProject
Project("{FAE04EC0-301F-11D3-BF4B-00C04F79EFBC}") = "Unity.VSCode.Editor", "Unity.VSCode.Editor.csproj", "{69F13A67-D0B3-7C2B-CE29-55DF48868E26}"
EndProject
Project("{FAE04EC0-301F-11D3-BF4B-00C04F79EFBC}") = "PhotonUnityNetworking.Utilities.PhotonPlayer.Editor", "PhotonUnityNetworking.Utilities.PhotonPlayer.Editor.csproj", "{E11617C1-4C57-09CC-52B6-2A25C9B79F11}"
EndProject
Project("{FAE04EC0-301F-11D3-BF4B-00C04F79EFBC}") = "PunDemos.DemoSlotcarEditor", "PunDemos.DemoSlotcarEditor.csproj", "{EC348C85-8F6E-6F39-EFEB-2B8CF38BBB0C}"
EndProject
Project("{FAE04EC0-301F-11D3-BF4B-00C04F79EFBC}") = "PhotonUnityNetworking.Utilities.Culling.Editor", "PhotonUnityNetworking.Utilities.Culling.Editor.csproj", "{6871B262-B2BA-D954-9F07-F8F57AEE2FD0}"
EndProject
Project("{FAE04EC0-301F-11D3-BF4B-00C04F79EFBC}") = "PunDemos.DemoHubEditor", "PunDemos.DemoHubEditor.csproj", "{7C25BC55-5132-1889-A5EA-92AE200215F3}"
EndProject
Global
	GlobalSection(SolutionConfigurationPlatforms) = preSolution
		Debug|Any CPU = Debug|Any CPU
		Release|Any CPU = Release|Any CPU
	EndGlobalSection
	GlobalSection(ProjectConfigurationPlatforms) = postSolution
		{60D99157-D671-8664-34C2-65764366AC83}.Debug|Any CPU.ActiveCfg = Debug|Any CPU
		{60D99157-D671-8664-34C2-65764366AC83}.Debug|Any CPU.Build.0 = Debug|Any CPU
		{60D99157-D671-8664-34C2-65764366AC83}.Release|Any CPU.ActiveCfg = Release|Any CPU
		{60D99157-D671-8664-34C2-65764366AC83}.Release|Any CPU.Build.0 = Release|Any CPU
		{707942B6-9B61-CF5C-871F-27CA3A5552A7}.Debug|Any CPU.ActiveCfg = Debug|Any CPU
		{707942B6-9B61-CF5C-871F-27CA3A5552A7}.Debug|Any CPU.Build.0 = Debug|Any CPU
		{707942B6-9B61-CF5C-871F-27CA3A5552A7}.Release|Any CPU.ActiveCfg = Release|Any CPU
		{707942B6-9B61-CF5C-871F-27CA3A5552A7}.Release|Any CPU.Build.0 = Release|Any CPU
		{8053B6FE-B5CB-2CF8-E46C-A16D743A1D8E}.Debug|Any CPU.ActiveCfg = Debug|Any CPU
		{8053B6FE-B5CB-2CF8-E46C-A16D743A1D8E}.Debug|Any CPU.Build.0 = Debug|Any CPU
		{8053B6FE-B5CB-2CF8-E46C-A16D743A1D8E}.Release|Any CPU.ActiveCfg = Release|Any CPU
		{8053B6FE-B5CB-2CF8-E46C-A16D743A1D8E}.Release|Any CPU.Build.0 = Release|Any CPU
		{78074136-7132-746F-FA28-AD62431F04AE}.Debug|Any CPU.ActiveCfg = Debug|Any CPU
		{78074136-7132-746F-FA28-AD62431F04AE}.Debug|Any CPU.Build.0 = Debug|Any CPU
		{78074136-7132-746F-FA28-AD62431F04AE}.Release|Any CPU.ActiveCfg = Release|Any CPU
		{78074136-7132-746F-FA28-AD62431F04AE}.Release|Any CPU.Build.0 = Release|Any CPU
		{2FEE6D21-1268-9E40-E093-96330E65D56B}.Debug|Any CPU.ActiveCfg = Debug|Any CPU
		{2FEE6D21-1268-9E40-E093-96330E65D56B}.Debug|Any CPU.Build.0 = Debug|Any CPU
		{2FEE6D21-1268-9E40-E093-96330E65D56B}.Release|Any CPU.ActiveCfg = Release|Any CPU
		{2FEE6D21-1268-9E40-E093-96330E65D56B}.Release|Any CPU.Build.0 = Release|Any CPU
		{1695162E-CB3F-FFD2-E33D-970089DC69E1}.Debug|Any CPU.ActiveCfg = Debug|Any CPU
		{1695162E-CB3F-FFD2-E33D-970089DC69E1}.Debug|Any CPU.Build.0 = Debug|Any CPU
		{1695162E-CB3F-FFD2-E33D-970089DC69E1}.Release|Any CPU.ActiveCfg = Release|Any CPU
		{1695162E-CB3F-FFD2-E33D-970089DC69E1}.Release|Any CPU.Build.0 = Release|Any CPU
		{6F73CF8F-581E-1E58-8EB2-BDB157FAF129}.Debug|Any CPU.ActiveCfg = Debug|Any CPU
		{6F73CF8F-581E-1E58-8EB2-BDB157FAF129}.Debug|Any CPU.Build.0 = Debug|Any CPU
		{6F73CF8F-581E-1E58-8EB2-BDB157FAF129}.Release|Any CPU.ActiveCfg = Release|Any CPU
		{6F73CF8F-581E-1E58-8EB2-BDB157FAF129}.Release|Any CPU.Build.0 = Release|Any CPU
		{03A9D45B-FB9A-E3A9-BB4D-28C5F55511AD}.Debug|Any CPU.ActiveCfg = Debug|Any CPU
		{03A9D45B-FB9A-E3A9-BB4D-28C5F55511AD}.Debug|Any CPU.Build.0 = Debug|Any CPU
		{03A9D45B-FB9A-E3A9-BB4D-28C5F55511AD}.Release|Any CPU.ActiveCfg = Release|Any CPU
		{03A9D45B-FB9A-E3A9-BB4D-28C5F55511AD}.Release|Any CPU.Build.0 = Release|Any CPU
		{D37B6F28-1381-E29A-942E-16B89BB6F3E0}.Debug|Any CPU.ActiveCfg = Debug|Any CPU
		{D37B6F28-1381-E29A-942E-16B89BB6F3E0}.Debug|Any CPU.Build.0 = Debug|Any CPU
		{D37B6F28-1381-E29A-942E-16B89BB6F3E0}.Release|Any CPU.ActiveCfg = Release|Any CPU
		{D37B6F28-1381-E29A-942E-16B89BB6F3E0}.Release|Any CPU.Build.0 = Release|Any CPU
		{27A789FC-625C-BE55-B5B3-7914CE08EB2D}.Debug|Any CPU.ActiveCfg = Debug|Any CPU
		{27A789FC-625C-BE55-B5B3-7914CE08EB2D}.Debug|Any CPU.Build.0 = Debug|Any CPU
		{27A789FC-625C-BE55-B5B3-7914CE08EB2D}.Release|Any CPU.ActiveCfg = Release|Any CPU
		{27A789FC-625C-BE55-B5B3-7914CE08EB2D}.Release|Any CPU.Build.0 = Release|Any CPU
		{C3385EEB-1CC2-9C9A-03E9-1D1CD7EE8799}.Debug|Any CPU.ActiveCfg = Debug|Any CPU
		{C3385EEB-1CC2-9C9A-03E9-1D1CD7EE8799}.Debug|Any CPU.Build.0 = Debug|Any CPU
		{C3385EEB-1CC2-9C9A-03E9-1D1CD7EE8799}.Release|Any CPU.ActiveCfg = Release|Any CPU
		{C3385EEB-1CC2-9C9A-03E9-1D1CD7EE8799}.Release|Any CPU.Build.0 = Release|Any CPU
		{0145BBF4-C913-6070-07DA-CE0EB3E73A89}.Debug|Any CPU.ActiveCfg = Debug|Any CPU
		{0145BBF4-C913-6070-07DA-CE0EB3E73A89}.Debug|Any CPU.Build.0 = Debug|Any CPU
		{0145BBF4-C913-6070-07DA-CE0EB3E73A89}.Release|Any CPU.ActiveCfg = Release|Any CPU
		{0145BBF4-C913-6070-07DA-CE0EB3E73A89}.Release|Any CPU.Build.0 = Release|Any CPU
		{7A3AE78F-395D-4D35-2925-3CD13024875E}.Debug|Any CPU.ActiveCfg = Debug|Any CPU
		{7A3AE78F-395D-4D35-2925-3CD13024875E}.Debug|Any CPU.Build.0 = Debug|Any CPU
		{7A3AE78F-395D-4D35-2925-3CD13024875E}.Release|Any CPU.ActiveCfg = Release|Any CPU
		{7A3AE78F-395D-4D35-2925-3CD13024875E}.Release|Any CPU.Build.0 = Release|Any CPU
		{CFED74DC-8D1D-06A8-8356-DE6C3224AE95}.Debug|Any CPU.ActiveCfg = Debug|Any CPU
		{CFED74DC-8D1D-06A8-8356-DE6C3224AE95}.Debug|Any CPU.Build.0 = Debug|Any CPU
		{CFED74DC-8D1D-06A8-8356-DE6C3224AE95}.Release|Any CPU.ActiveCfg = Release|Any CPU
		{CFED74DC-8D1D-06A8-8356-DE6C3224AE95}.Release|Any CPU.Build.0 = Release|Any CPU
		{203E2F49-B0FB-5475-5618-B5A8F93EC934}.Debug|Any CPU.ActiveCfg = Debug|Any CPU
		{203E2F49-B0FB-5475-5618-B5A8F93EC934}.Debug|Any CPU.Build.0 = Debug|Any CPU
		{203E2F49-B0FB-5475-5618-B5A8F93EC934}.Release|Any CPU.ActiveCfg = Release|Any CPU
		{203E2F49-B0FB-5475-5618-B5A8F93EC934}.Release|Any CPU.Build.0 = Release|Any CPU
		{2AF75624-4370-D698-805B-6674C7D2A0C1}.Debug|Any CPU.ActiveCfg = Debug|Any CPU
		{2AF75624-4370-D698-805B-6674C7D2A0C1}.Debug|Any CPU.Build.0 = Debug|Any CPU
		{2AF75624-4370-D698-805B-6674C7D2A0C1}.Release|Any CPU.ActiveCfg = Release|Any CPU
		{2AF75624-4370-D698-805B-6674C7D2A0C1}.Release|Any CPU.Build.0 = Release|Any CPU
		{38DAE79C-3601-9C65-A980-500452C3D360}.Debug|Any CPU.ActiveCfg = Debug|Any CPU
		{38DAE79C-3601-9C65-A980-500452C3D360}.Debug|Any CPU.Build.0 = Debug|Any CPU
		{38DAE79C-3601-9C65-A980-500452C3D360}.Release|Any CPU.ActiveCfg = Release|Any CPU
		{38DAE79C-3601-9C65-A980-500452C3D360}.Release|Any CPU.Build.0 = Release|Any CPU
		{53CFC87B-4AE6-CB53-5D04-C1C647FDBF0C}.Debug|Any CPU.ActiveCfg = Debug|Any CPU
		{53CFC87B-4AE6-CB53-5D04-C1C647FDBF0C}.Debug|Any CPU.Build.0 = Debug|Any CPU
		{53CFC87B-4AE6-CB53-5D04-C1C647FDBF0C}.Release|Any CPU.ActiveCfg = Release|Any CPU
		{53CFC87B-4AE6-CB53-5D04-C1C647FDBF0C}.Release|Any CPU.Build.0 = Release|Any CPU
		{7C5A9C49-BB79-4C6B-70BF-90F4ED42F832}.Debug|Any CPU.ActiveCfg = Debug|Any CPU
		{7C5A9C49-BB79-4C6B-70BF-90F4ED42F832}.Debug|Any CPU.Build.0 = Debug|Any CPU
		{7C5A9C49-BB79-4C6B-70BF-90F4ED42F832}.Release|Any CPU.ActiveCfg = Release|Any CPU
		{7C5A9C49-BB79-4C6B-70BF-90F4ED42F832}.Release|Any CPU.Build.0 = Release|Any CPU
		{320E9CFC-DF82-AA6C-276A-F75EC9BBBE46}.Debug|Any CPU.ActiveCfg = Debug|Any CPU
		{320E9CFC-DF82-AA6C-276A-F75EC9BBBE46}.Debug|Any CPU.Build.0 = Debug|Any CPU
		{320E9CFC-DF82-AA6C-276A-F75EC9BBBE46}.Release|Any CPU.ActiveCfg = Release|Any CPU
		{320E9CFC-DF82-AA6C-276A-F75EC9BBBE46}.Release|Any CPU.Build.0 = Release|Any CPU
		{69F13A67-D0B3-7C2B-CE29-55DF48868E26}.Debug|Any CPU.ActiveCfg = Debug|Any CPU
		{69F13A67-D0B3-7C2B-CE29-55DF48868E26}.Debug|Any CPU.Build.0 = Debug|Any CPU
		{69F13A67-D0B3-7C2B-CE29-55DF48868E26}.Release|Any CPU.ActiveCfg = Release|Any CPU
		{69F13A67-D0B3-7C2B-CE29-55DF48868E26}.Release|Any CPU.Build.0 = Release|Any CPU
		{E11617C1-4C57-09CC-52B6-2A25C9B79F11}.Debug|Any CPU.ActiveCfg = Debug|Any CPU
		{E11617C1-4C57-09CC-52B6-2A25C9B79F11}.Debug|Any CPU.Build.0 = Debug|Any CPU
		{E11617C1-4C57-09CC-52B6-2A25C9B79F11}.Release|Any CPU.ActiveCfg = Release|Any CPU
		{E11617C1-4C57-09CC-52B6-2A25C9B79F11}.Release|Any CPU.Build.0 = Release|Any CPU
		{EC348C85-8F6E-6F39-EFEB-2B8CF38BBB0C}.Debug|Any CPU.ActiveCfg = Debug|Any CPU
		{EC348C85-8F6E-6F39-EFEB-2B8CF38BBB0C}.Debug|Any CPU.Build.0 = Debug|Any CPU
		{EC348C85-8F6E-6F39-EFEB-2B8CF38BBB0C}.Release|Any CPU.ActiveCfg = Release|Any CPU
		{EC348C85-8F6E-6F39-EFEB-2B8CF38BBB0C}.Release|Any CPU.Build.0 = Release|Any CPU
		{6871B262-B2BA-D954-9F07-F8F57AEE2FD0}.Debug|Any CPU.ActiveCfg = Debug|Any CPU
		{6871B262-B2BA-D954-9F07-F8F57AEE2FD0}.Debug|Any CPU.Build.0 = Debug|Any CPU
		{6871B262-B2BA-D954-9F07-F8F57AEE2FD0}.Release|Any CPU.ActiveCfg = Release|Any CPU
		{6871B262-B2BA-D954-9F07-F8F57AEE2FD0}.Release|Any CPU.Build.0 = Release|Any CPU
		{7C25BC55-5132-1889-A5EA-92AE200215F3}.Debug|Any CPU.ActiveCfg = Debug|Any CPU
		{7C25BC55-5132-1889-A5EA-92AE200215F3}.Debug|Any CPU.Build.0 = Debug|Any CPU
		{7C25BC55-5132-1889-A5EA-92AE200215F3}.Release|Any CPU.ActiveCfg = Release|Any CPU
		{7C25BC55-5132-1889-A5EA-92AE200215F3}.Release|Any CPU.Build.0 = Release|Any CPU
	EndGlobalSection
	GlobalSection(SolutionProperties) = preSolution
		HideSolutionNode = FALSE
	EndGlobalSection
EndGlobal
